// !$*UTF8*$!
{
	archiveVersion = 1;
	classes = {
	};
	objectVersion = 48;
	objects = {

/* Begin PBXBuildFile section */
		106312FB205A5E6900E5720B /* AppDelegate.swift in Sources */ = {isa = PBXBuildFile; fileRef = 106312FA205A5E6900E5720B /* AppDelegate.swift */; };
		106312FD205A5E6900E5720B /* ViewController.swift in Sources */ = {isa = PBXBuildFile; fileRef = 106312FC205A5E6900E5720B /* ViewController.swift */; };
		10631300205A5E6900E5720B /* Main.storyboard in Resources */ = {isa = PBXBuildFile; fileRef = 106312FE205A5E6900E5720B /* Main.storyboard */; };
		10631302205A5E6900E5720B /* Assets.xcassets in Resources */ = {isa = PBXBuildFile; fileRef = 10631301205A5E6900E5720B /* Assets.xcassets */; };
		10631305205A5E6900E5720B /* LaunchScreen.storyboard in Resources */ = {isa = PBXBuildFile; fileRef = 10631303205A5E6900E5720B /* LaunchScreen.storyboard */; };
		1063130D205A5EA400E5720B /* TableViewController.swift in Sources */ = {isa = PBXBuildFile; fileRef = 1063130C205A5EA400E5720B /* TableViewController.swift */; };
		1063130F205A5FD500E5720B /* IntDataSource.swift in Sources */ = {isa = PBXBuildFile; fileRef = 1063130E205A5FD500E5720B /* IntDataSource.swift */; };
		10631311205A60E000E5720B /* StringDataSource.swift in Sources */ = {isa = PBXBuildFile; fileRef = 10631310205A60E000E5720B /* StringDataSource.swift */; };
/* End PBXBuildFile section */

/* Begin PBXFileReference section */
		106312F7205A5E6900E5720B /* Display 2 type.app */ = {isa = PBXFileReference; explicitFileType = wrapper.application; includeInIndex = 0; path = "Display 2 type.app"; sourceTree = BUILT_PRODUCTS_DIR; };
		106312FA205A5E6900E5720B /* AppDelegate.swift */ = {isa = PBXFileReference; lastKnownFileType = sourcecode.swift; path = AppDelegate.swift; sourceTree = "<group>"; };
		106312FC205A5E6900E5720B /* ViewController.swift */ = {isa = PBXFileReference; lastKnownFileType = sourcecode.swift; path = ViewController.swift; sourceTree = "<group>"; };
		106312FF205A5E6900E5720B /* Base */ = {isa = PBXFileReference; lastKnownFileType = file.storyboard; name = Base; path = Base.lproj/Main.storyboard; sourceTree = "<group>"; };
		10631301205A5E6900E5720B /* Assets.xcassets */ = {isa = PBXFileReference; lastKnownFileType = folder.assetcatalog; path = Assets.xcassets; sourceTree = "<group>"; };
		10631304205A5E6900E5720B /* Base */ = {isa = PBXFileReference; lastKnownFileType = file.storyboard; name = Base; path = Base.lproj/LaunchScreen.storyboard; sourceTree = "<group>"; };
		10631306205A5E6900E5720B /* Info.plist */ = {isa = PBXFileReference; lastKnownFileType = text.plist.xml; path = Info.plist; sourceTree = "<group>"; };
		1063130C205A5EA400E5720B /* TableViewController.swift */ = {isa = PBXFileReference; lastKnownFileType = sourcecode.swift; path = TableViewController.swift; sourceTree = "<group>"; };
		1063130E205A5FD500E5720B /* IntDataSource.swift */ = {isa = PBXFileReference; lastKnownFileType = sourcecode.swift; path = IntDataSource.swift; sourceTree = "<group>"; };
		10631310205A60E000E5720B /* StringDataSource.swift */ = {isa = PBXFileReference; lastKnownFileType = sourcecode.swift; path = StringDataSource.swift; sourceTree = "<group>"; };
/* End PBXFileReference section */

/* Begin PBXFrameworksBuildPhase section */
		106312F4205A5E6900E5720B /* Frameworks */ = {
			isa = PBXFrameworksBuildPhase;
			buildActionMask = 2147483647;
			files = (
			);
			runOnlyForDeploymentPostprocessing = 0;
		};
/* End PBXFrameworksBuildPhase section */

/* Begin PBXGroup section */
		106312EE205A5E6900E5720B = {
			isa = PBXGroup;
			children = (
				106312F9205A5E6900E5720B /* Display 2 type */,
				106312F8205A5E6900E5720B /* Products */,
			);
			sourceTree = "<group>";
		};
		106312F8205A5E6900E5720B /* Products */ = {
			isa = PBXGroup;
			children = (
				106312F7205A5E6900E5720B /* Display 2 type.app */,
			);
			name = Products;
			sourceTree = "<group>";
		};
		106312F9205A5E6900E5720B /* Display 2 type */ = {
			isa = PBXGroup;
			children = (
				106312FA205A5E6900E5720B /* AppDelegate.swift */,
				106312FC205A5E6900E5720B /* ViewController.swift */,
				1063130E205A5FD500E5720B /* IntDataSource.swift */,
				10631310205A60E000E5720B /* StringDataSource.swift */,
				1063130C205A5EA400E5720B /* TableViewController.swift */,
				106312FE205A5E6900E5720B /* Main.storyboard */,
				10631301205A5E6900E5720B /* Assets.xcassets */,
				10631303205A5E6900E5720B /* LaunchScreen.storyboard */,
				10631306205A5E6900E5720B /* Info.plist */,
			);
			path = "Display 2 type";
			sourceTree = "<group>";
		};
/* End PBXGroup section */

/* Begin PBXNativeTarget section */
		106312F6205A5E6900E5720B /* Display 2 type */ = {
			isa = PBXNativeTarget;
			buildConfigurationList = 10631309205A5E6900E5720B /* Build configuration list for PBXNativeTarget "Display 2 type" */;
			buildPhases = (
				106312F3205A5E6900E5720B /* Sources */,
				106312F4205A5E6900E5720B /* Frameworks */,
				106312F5205A5E6900E5720B /* Resources */,
			);
			buildRules = (
			);
			dependencies = (
			);
			name = "Display 2 type";
			productName = "Display 2 type";
			productReference = 106312F7205A5E6900E5720B /* Display 2 type.app */;
			productType = "com.apple.product-type.application";
		};
/* End PBXNativeTarget section */

/* Begin PBXProject section */
		106312EF205A5E6900E5720B /* Project object */ = {
			isa = PBXProject;
			attributes = {
				LastSwiftUpdateCheck = 0920;
				LastUpgradeCheck = 0920;
				ORGANIZATIONNAME = Chien;
				TargetAttributes = {
					106312F6205A5E6900E5720B = {
						CreatedOnToolsVersion = 9.2;
						ProvisioningStyle = Automatic;
					};
				};
			};
			buildConfigurationList = 106312F2205A5E6900E5720B /* Build configuration list for PBXProject "Display 2 type" */;
			compatibilityVersion = "Xcode 8.0";
			developmentRegion = en;
			hasScannedForEncodings = 0;
			knownRegions = (
				en,
				Base,
			);
			mainGroup = 106312EE205A5E6900E5720B;
			productRefGroup = 106312F8205A5E6900E5720B /* Products */;
			projectDirPath = "";
			projectRoot = "";
			targets = (
				106312F6205A5E6900E5720B /* Display 2 type */,
			);
		};
/* End PBXProject section */

/* Begin PBXResourcesBuildPhase section */
		106312F5205A5E6900E5720B /* Resources */ = {
			isa = PBXResourcesBuildPhase;
			buildActionMask = 2147483647;
			files = (
				10631305205A5E6900E5720B /* LaunchScreen.storyboard in Resources */,
				10631302205A5E6900E5720B /* Assets.xcassets in Resources */,
				10631300205A5E6900E5720B /* Main.storyboard in Resources */,
			);
			runOnlyForDeploymentPostprocessing = 0;
		};
/* End PBXResourcesBuildPhase section */

/* Begin PBXSourcesBuildPhase section */
		106312F3205A5E6900E5720B /* Sources */ = {
			isa = PBXSourcesBuildPhase;
			buildActionMask = 2147483647;
			files = (
				10631311205A60E000E5720B /* StringDataSource.swift in Sources */,
				1063130F205A5FD500E5720B /* IntDataSource.swift in Sources */,
				106312FD205A5E6900E5720B /* ViewController.swift in Sources */,
				1063130D205A5EA400E5720B /* TableViewController.swift in Sources */,
				106312FB205A5E6900E5720B /* AppDelegate.swift in Sources */,
			);
			runOnlyForDeploymentPostprocessing = 0;
		};
/* End PBXSourcesBuildPhase section */

/* Begin PBXVariantGroup section */
		106312FE205A5E6900E5720B /* Main.storyboard */ = {
			isa = PBXVariantGroup;
			children = (
				106312FF205A5E6900E5720B /* Base */,
			);
			name = Main.storyboard;
			sourceTree = "<group>";
		};
		10631303205A5E6900E5720B /* LaunchScreen.storyboard */ = {
			isa = PBXVariantGroup;
			children = (
				10631304205A5E6900E5720B /* Base */,
			);
			name = LaunchScreen.storyboard;
			sourceTree = "<group>";
		};
/* End PBXVariantGroup section */

/* Begin XCBuildConfiguration section */
		10631307205A5E6900E5720B /* Debug */ = {
			isa = XCBuildConfiguration;
			buildSettings = {
				ALWAYS_SEARCH_USER_PATHS = NO;
				CLANG_ANALYZER_NONNULL = YES;
				CLANG_ANALYZER_NUMBER_OBJECT_CONVERSION = YES_AGGRESSIVE;
				CLANG_CXX_LANGUAGE_STANDARD = "gnu++14";
				CLANG_CXX_LIBRARY = "libc++";
				CLANG_ENABLE_MODULES = YES;
				CLANG_ENABLE_OBJC_ARC = YES;
				CLANG_WARN_BLOCK_CAPTURE_AUTORELEASING = YES;
				CLANG_WARN_BOOL_CONVERSION = YES;
				CLANG_WARN_COMMA = YES;
				CLANG_WARN_CONSTANT_CONVERSION = YES;
				CLANG_WARN_DIRECT_OBJC_ISA_USAGE = YES_ERROR;
				CLANG_WARN_DOCUMENTATION_COMMENTS = YES;
				CLANG_WARN_EMPTY_BODY = YES;
				CLANG_WARN_ENUM_CONVERSION = YES;
				CLANG_WARN_INFINITE_RECURSION = YES;
				CLANG_WARN_INT_CONVERSION = YES;
				CLANG_WARN_NON_LITERAL_NULL_CONVERSION = YES;
				CLANG_WARN_OBJC_LITERAL_CONVERSION = YES;
				CLANG_WARN_OBJC_ROOT_CLASS = YES_ERROR;
				CLANG_WARN_RANGE_LOOP_ANALYSIS = YES;
				CLANG_WARN_STRICT_PROTOTYPES = YES;
				CLANG_WARN_SUSPICIOUS_MOVE = YES;
				CLANG_WARN_UNGUARDED_AVAILABILITY = YES_AGGRESSIVE;
				CLANG_WARN_UNREACHABLE_CODE = YES;
				CLANG_WARN__DUPLICATE_METHOD_MATCH = YES;
				CODE_SIGN_IDENTITY = "iPhone Developer";
				COPY_PHASE_STRIP = NO;
				DEBUG_INFORMATION_FORMAT = dwarf;
				ENABLE_STRICT_OBJC_MSGSEND = YES;
				ENABLE_TESTABILITY = YES;
				GCC_C_LANGUAGE_STANDARD = gnu11;
				GCC_DYNAMIC_NO_PIC = NO;
				GCC_NO_COMMON_BLOCKS = YES;
				GCC_OPTIMIZATION_LEVEL = 0;
				GCC_PREPROCESSOR_DEFINITIONS = (
					"DEBUG=1",
					"$(inherited)",
				);
				GCC_WARN_64_TO_32_BIT_CONVERSION = YES;
				GCC_WARN_ABOUT_RETURN_TYPE = YES_ERROR;
				GCC_WARN_UNDECLARED_SELECTOR = YES;
				GCC_WARN_UNINITIALIZED_AUTOS = YES_AGGRESSIVE;
				GCC_WARN_UNUSED_FUNCTION = YES;
				GCC_WARN_UNUSED_VARIABLE = YES;
				IPHONEOS_DEPLOYMENT_TARGET = 11.2;
				MTL_ENABLE_DEBUG_INFO = YES;
				ONLY_ACTIVE_ARCH = YES;
				SDKROOT = iphoneos;
				SWIFT_ACTIVE_COMPILATION_CONDITIONS = DEBUG;
				SWIFT_OPTIMIZATION_LEVEL = "-Onone";
			};
			name = Debug;
		};
		10631308205A5E6900E5720B /* Release */ = {
			isa = XCBuildConfiguration;
			buildSettings = {
				ALWAYS_SEARCH_USER_PATHS = NO;
				CLANG_ANALYZER_NONNULL = YES;
				CLANG_ANALYZER_NUMBER_OBJECT_CONVERSION = YES_AGGRESSIVE;
				CLANG_CXX_LANGUAGE_STANDARD = "gnu++14";
				CLANG_CXX_LIBRARY = "libc++";
				CLANG_ENABLE_MODULES = YES;
				CLANG_ENABLE_OBJC_ARC = YES;
				CLANG_WARN_BLOCK_CAPTURE_AUTORELEASING = YES;
				CLANG_WARN_BOOL_CONVERSION = YES;
				CLANG_WARN_COMMA = YES;
				CLANG_WARN_CONSTANT_CONVERSION = YES;
				CLANG_WARN_DIRECT_OBJC_ISA_USAGE = YES_ERROR;
				CLANG_WARN_DOCUMENTATION_COMMENTS = YES;
				CLANG_WARN_EMPTY_BODY = YES;
				CLANG_WARN_ENUM_CONVERSION = YES;
				CLANG_WARN_INFINITE_RECURSION = YES;
				CLANG_WARN_INT_CONVERSION = YES;
				CLANG_WARN_NON_LITERAL_NULL_CONVERSION = YES;
				CLANG_WARN_OBJC_LITERAL_CONVERSION = YES;
				CLANG_WARN_OBJC_ROOT_CLASS = YES_ERROR;
				CLANG_WARN_RANGE_LOOP_ANALYSIS = YES;
				CLANG_WARN_STRICT_PROTOTYPES = YES;
				CLANG_WARN_SUSPICIOUS_MOVE = YES;
				CLANG_WARN_UNGUARDED_AVAILABILITY = YES_AGGRESSIVE;
				CLANG_WARN_UNREACHABLE_CODE = YES;
				CLANG_WARN__DUPLICATE_METHOD_MATCH = YES;
				CODE_SIGN_IDENTITY = "iPhone Developer";
				COPY_PHASE_STRIP = NO;
				DEBUG_INFORMATION_FORMAT = "dwarf-with-dsym";
				ENABLE_NS_ASSERTIONS = NO;
				ENABLE_STRICT_OBJC_MSGSEND = YES;
				GCC_C_LANGUAGE_STANDARD = gnu11;
				GCC_NO_COMMON_BLOCKS = YES;
				GCC_WARN_64_TO_32_BIT_CONVERSION = YES;
				GCC_WARN_ABOUT_RETURN_TYPE = YES_ERROR;
				GCC_WARN_UNDECLARED_SELECTOR = YES;
				GCC_WARN_UNINITIALIZED_AUTOS = YES_AGGRESSIVE;
				GCC_WARN_UNUSED_FUNCTION = YES;
				GCC_WARN_UNUSED_VARIABLE = YES;
				IPHONEOS_DEPLOYMENT_TARGET = 11.2;
				MTL_ENABLE_DEBUG_INFO = NO;
				SDKROOT = iphoneos;
				SWIFT_OPTIMIZATION_LEVEL = "-Owholemodule";
				VALIDATE_PRODUCT = YES;
			};
			name = Release;
		};
		1063130A205A5E6900E5720B /* Debug */ = {
			isa = XCBuildConfiguration;
			buildSettings = {
				ASSETCATALOG_COMPILER_APPICON_NAME = AppIcon;
				CODE_SIGN_STYLE = Automatic;
				INFOPLIST_FILE = "Display 2 type/Info.plist";
				LD_RUNPATH_SEARCH_PATHS = "$(inherited) @executable_path/Frameworks";
				PRODUCT_BUNDLE_IDENTIFIER = "com.example.Display-2-type";
				PRODUCT_NAME = "$(TARGET_NAME)";
				SWIFT_VERSION = 4.0;
				TARGETED_DEVICE_FAMILY = "1,2";
			};
			name = Debug;
		};
		1063130B205A5E6900E5720B /* Release */ = {
			isa = XCBuildConfiguration;
			buildSettings = {
				ASSETCATALOG_COMPILER_APPICON_NAME = AppIcon;
				CODE_SIGN_STYLE = Automatic;
				INFOPLIST_FILE = "Display 2 type/Info.plist";
				LD_RUNPATH_SEARCH_PATHS = "$(inherited) @executable_path/Frameworks";
				PRODUCT_BUNDLE_IDENTIFIER = "com.example.Display-2-type";
				PRODUCT_NAME = "$(TARGET_NAME)";
				SWIFT_VERSION = 4.0;
				TARGETED_DEVICE_FAMILY = "1,2";
			};
			name = Release;
		};
/* End XCBuildConfiguration section */

/* Begin XCConfigurationList section */
		106312F2205A5E6900E5720B /* Build configuration list for PBXProject "Display 2 type" */ = {
			isa = XCConfigurationList;
			buildConfigurations = (
				10631307205A5E6900E5720B /* Debug */,
				10631308205A5E6900E5720B /* Release */,
			);
			defaultConfigurationIsVisible = 0;
			defaultConfigurationName = Release;
		};
		10631309205A5E6900E5720B /* Build configuration list for PBXNativeTarget "Display 2 type" */ = {
			isa = XCConfigurationList;
			buildConfigurations = (
				1063130A205A5E6900E5720B /* Debug */,
				1063130B205A5E6900E5720B /* Release */,
			);
			defaultConfigurationIsVisible = 0;
			defaultConfigurationName = Release;
		};
/* End XCConfigurationList section */
	};
	rootObject = 106312EF205A5E6900E5720B /* Project object */;
}
